
Microsoft Visual Studio Solution File, Format Version 11.00
# Visual Studio 2010
Project("{FAE04EC0-301F-11D3-BF4B-00C04F79EFBC}") = "FixOne.Engine", "FixOne.Engine\FixOne.Engine.csproj", "{6F683FF7-81B7-4835-8DA1-D4860ACF688A}"
EndProject
Project("{FAE04EC0-301F-11D3-BF4B-00C04F79EFBC}") = "FixOne.Server", "FixOne.Server\FixOne.Server.csproj", "{A3A7E814-6A6E-4526-BE72-3A774798FB05}"
EndProject
Project("{FAE04EC0-301F-11D3-BF4B-00C04F79EFBC}") = "FixOne.Entities", "FixOne.Entities\FixOne.Entities.csproj", "{38C746A9-1693-43F2-80F0-1E132D734126}"
EndProject
Project("{FAE04EC0-301F-11D3-BF4B-00C04F79EFBC}") = "FixOne.Common", "FixOne.Common\FixOne.Common.csproj", "{C06D802E-BF5F-4B36-B167-44021F6B8E23}"
EndProject
Project("{2150E333-8FDC-42A3-9474-1A3956D46DE8}") = "Tests", "Tests", "{17BFF8E5-696F-4609-8DC6-66228E3C969E}"
EndProject
Project("{FAE04EC0-301F-11D3-BF4B-00C04F79EFBC}") = "FixOne.Client.Console", "Tests\FixOne.Client.Console\FixOne.Client.Console.csproj", "{A7838A44-2B62-4AE0-B14A-867A280064C2}"
EndProject
Project("{2150E333-8FDC-42A3-9474-1A3956D46DE8}") = "Solution Items", "Solution Items", "{8E8122F9-B4E2-4B33-B9E8-ED583306DDC0}"
	ProjectSection(SolutionItems) = preProject
		FixOne.vsmdi = FixOne.vsmdi
		Local.testsettings = Local.testsettings
		TraceAndTestImpact.testsettings = TraceAndTestImpact.testsettings
	EndProjectSection
EndProject
Project("{2150E333-8FDC-42A3-9474-1A3956D46DE8}") = "Parsers", "Parsers", "{F4FA73CC-CAF9-49DD-A366-116834EBAC0B}"
EndProject
Project("{FAE04EC0-301F-11D3-BF4B-00C04F79EFBC}") = "FixOne.Parsers.Generic", "Parsers\FixOne.Parsers.Generic\FixOne.Parsers.Generic.csproj", "{6318B6F9-3476-4DAC-B547-3E1E1C696EE2}"
EndProject
Project("{2150E333-8FDC-42A3-9474-1A3956D46DE8}") = "Loggers", "Loggers", "{DCEEEA07-351F-4270-9AAD-14A2BE271ABD}"
EndProject
Project("{FAE04EC0-301F-11D3-BF4B-00C04F79EFBC}") = "FixOne.Loggers.LogToTrace", "Loggers\FixOne.Loggers.LogToTrace\FixOne.Loggers.LogToTrace.csproj", "{082913BB-DE8F-4C25-9361-3D15C7AB8837}"
EndProject
Project("{FAE04EC0-301F-11D3-BF4B-00C04F79EFBC}") = "FixOne.Loggers.LogToTextFile", "Loggers\FixOne.Loggers.LogToTextFile\FixOne.Loggers.LogToTextFile.csproj", "{8BF2B244-DD3C-431E-8319-FF512A7D9195}"
EndProject
Project("{2150E333-8FDC-42A3-9474-1A3956D46DE8}") = ".nuget", ".nuget", "{C0140B24-378A-40EF-903B-FA91437C8076}"
	ProjectSection(SolutionItems) = preProject
		.nuget\NuGet.Config = .nuget\NuGet.Config
		.nuget\NuGet.exe = .nuget\NuGet.exe
		.nuget\NuGet.targets = .nuget\NuGet.targets
	EndProjectSection
EndProject
Project("{2150E333-8FDC-42A3-9474-1A3956D46DE8}") = "Storages", "Storages", "{F5183222-D96A-4F83-891A-753C4A0BAF6D}"
EndProject
Project("{FAE04EC0-301F-11D3-BF4B-00C04F79EFBC}") = "FixOne.Storages.XmlStorage", "Storages\FixOne.Storages.XmlStorage\FixOne.Storages.XmlStorage.csproj", "{D3221E9C-5EAE-437A-A60C-B51097F86D49}"
EndProject
Project("{2150E333-8FDC-42A3-9474-1A3956D46DE8}") = "Dictionaries", "Dictionaries", "{5D996B08-CCD2-40EC-BD98-20F5F3C542A2}"
EndProject
Project("{FAE04EC0-301F-11D3-BF4B-00C04F79EFBC}") = "FixOne.Dictionaries.FIX40", "Dictionaries\FixOne.Dictionaries.FIX40\FixOne.Dictionaries.FIX40.csproj", "{ECE8E681-0758-4503-B4EC-5CDED21B6D36}"
EndProject
Project("{FAE04EC0-301F-11D3-BF4B-00C04F79EFBC}") = "FixOne.Dictionaries.FIX44", "Dictionaries\FixOne.Dictionaries.FIX44\FixOne.Dictionaries.FIX44.csproj", "{AE1211E8-9EE5-4B7B-965D-3463B78710EA}"
EndProject
Project("{FAE04EC0-301F-11D3-BF4B-00C04F79EFBC}") = "FixOne.Engine.Settings", "FixOne.Engine.Settings\FixOne.Engine.Settings.csproj", "{5FC4D2CC-C971-4D25-B3CC-62675BB76EE6}"
EndProject
Project("{2150E333-8FDC-42A3-9474-1A3956D46DE8}") = "Examples", "Examples", "{D844E03E-4C96-4771-9C51-025C6125BEFF}"
	ProjectSection(SolutionItems) = preProject
		Examples\engine.xml = Examples\engine.xml
	EndProjectSection
EndProject
Project("{2150E333-8FDC-42A3-9474-1A3956D46DE8}") = "MacOS", "MacOS", "{ED92B538-4230-4BD7-A201-F848274F0A66}"
EndProject
Project("{FAE04EC0-301F-11D3-BF4B-00C04F79EFBC}") = "FixOne.MacOs.Server", "MacOs\FixOne.MacOs.Server\FixOne.MacOs.Server.csproj", "{F2E6770D-88A4-43E9-9343-9E7E8FB00712}"
EndProject
Project("{FAE04EC0-301F-11D3-BF4B-00C04F79EFBC}") = "FixOne.MacOs.Client", "MacOs\FixOne.MacOs.Client\FixOne.MacOs.Client.csproj", "{F3AEA56F-6C5D-4252-800B-99883F3C1637}"
EndProject
Project("{FAE04EC0-301F-11D3-BF4B-00C04F79EFBC}") = "FixOne.MacOs.Shared", "MacOs\FixOne.MacOs.Shared\FixOne.MacOs.Shared.csproj", "{6655893C-72E0-41E3-A665-845E5FC513AD}"
EndProject
Project("{FAE04EC0-301F-11D3-BF4B-00C04F79EFBC}") = "FixOne.Statistics", "FixOne.Statistics\FixOne.Statistics.csproj", "{3D308897-3D04-40CC-B893-1F6DFF770641}"
EndProject
Project("{2150E333-8FDC-42A3-9474-1A3956D46DE8}") = "FixOne.Server.Services", "FixOne.Server.Services", "{857D29E8-DA15-4FCE-A422-0BF28A1F3866}"
EndProject
Project("{FAE04EC0-301F-11D3-BF4B-00C04F79EFBC}") = "FixOne.Server.Services.ConfigurationService", "FixOne.Server.Services\FixOne.Server.Services.ConfigurationService\FixOne.Server.Services.ConfigurationService.csproj", "{63577669-03E6-497E-890F-1D9F06D49A85}"
EndProject
Global
	GlobalSection(SolutionConfigurationPlatforms) = preSolution
		Debug|Any CPU = Debug|Any CPU
		Debug|Mixed Platforms = Debug|Mixed Platforms
		Debug|Win32 = Debug|Win32
		Debug|x86 = Debug|x86
		Release|Any CPU = Release|Any CPU
		Release|Mixed Platforms = Release|Mixed Platforms
		Release|Win32 = Release|Win32
		Release|x86 = Release|x86
		AppStore|Any CPU = AppStore|Any CPU
	EndGlobalSection
	GlobalSection(ProjectConfigurationPlatforms) = postSolution
		{082913BB-DE8F-4C25-9361-3D15C7AB8837}.AppStore|Any CPU.ActiveCfg = Debug|Any CPU
		{082913BB-DE8F-4C25-9361-3D15C7AB8837}.AppStore|Any CPU.Build.0 = Debug|Any CPU
		{082913BB-DE8F-4C25-9361-3D15C7AB8837}.Debug|Any CPU.ActiveCfg = Debug|Any CPU
		{082913BB-DE8F-4C25-9361-3D15C7AB8837}.Debug|Any CPU.Build.0 = Debug|Any CPU
		{082913BB-DE8F-4C25-9361-3D15C7AB8837}.Debug|Mixed Platforms.ActiveCfg = Debug|Any CPU
		{082913BB-DE8F-4C25-9361-3D15C7AB8837}.Debug|Mixed Platforms.Build.0 = Debug|Any CPU
		{082913BB-DE8F-4C25-9361-3D15C7AB8837}.Debug|Win32.ActiveCfg = Debug|Any CPU
		{082913BB-DE8F-4C25-9361-3D15C7AB8837}.Debug|x86.ActiveCfg = Debug|Any CPU
		{082913BB-DE8F-4C25-9361-3D15C7AB8837}.Release|Any CPU.ActiveCfg = Release|Any CPU
		{082913BB-DE8F-4C25-9361-3D15C7AB8837}.Release|Any CPU.Build.0 = Release|Any CPU
		{082913BB-DE8F-4C25-9361-3D15C7AB8837}.Release|Mixed Platforms.ActiveCfg = Release|Any CPU
		{082913BB-DE8F-4C25-9361-3D15C7AB8837}.Release|Mixed Platforms.Build.0 = Release|Any CPU
		{082913BB-DE8F-4C25-9361-3D15C7AB8837}.Release|Win32.ActiveCfg = Release|Any CPU
		{082913BB-DE8F-4C25-9361-3D15C7AB8837}.Release|x86.ActiveCfg = Release|Any CPU
		{38C746A9-1693-43F2-80F0-1E132D734126}.AppStore|Any CPU.ActiveCfg = Debug|Any CPU
		{38C746A9-1693-43F2-80F0-1E132D734126}.AppStore|Any CPU.Build.0 = Debug|Any CPU
		{38C746A9-1693-43F2-80F0-1E132D734126}.Debug|Any CPU.ActiveCfg = Debug|Any CPU
		{38C746A9-1693-43F2-80F0-1E132D734126}.Debug|Any CPU.Build.0 = Debug|Any CPU
		{38C746A9-1693-43F2-80F0-1E132D734126}.Debug|Mixed Platforms.ActiveCfg = Debug|Any CPU
		{38C746A9-1693-43F2-80F0-1E132D734126}.Debug|Mixed Platforms.Build.0 = Debug|Any CPU
		{38C746A9-1693-43F2-80F0-1E132D734126}.Debug|Win32.ActiveCfg = Debug|Any CPU
		{38C746A9-1693-43F2-80F0-1E132D734126}.Debug|x86.ActiveCfg = Debug|Any CPU
		{38C746A9-1693-43F2-80F0-1E132D734126}.Release|Any CPU.ActiveCfg = Release|Any CPU
		{38C746A9-1693-43F2-80F0-1E132D734126}.Release|Any CPU.Build.0 = Release|Any CPU
		{38C746A9-1693-43F2-80F0-1E132D734126}.Release|Mixed Platforms.ActiveCfg = Release|Any CPU
		{38C746A9-1693-43F2-80F0-1E132D734126}.Release|Mixed Platforms.Build.0 = Release|Any CPU
		{38C746A9-1693-43F2-80F0-1E132D734126}.Release|Win32.ActiveCfg = Release|Any CPU
		{38C746A9-1693-43F2-80F0-1E132D734126}.Release|x86.ActiveCfg = Release|Any CPU
		{3D308897-3D04-40CC-B893-1F6DFF770641}.AppStore|Any CPU.ActiveCfg = Release|Any CPU
		{3D308897-3D04-40CC-B893-1F6DFF770641}.AppStore|Any CPU.Build.0 = Release|Any CPU
		{3D308897-3D04-40CC-B893-1F6DFF770641}.Debug|Any CPU.ActiveCfg = Debug|Any CPU
		{3D308897-3D04-40CC-B893-1F6DFF770641}.Debug|Any CPU.Build.0 = Debug|Any CPU
		{3D308897-3D04-40CC-B893-1F6DFF770641}.Debug|Mixed Platforms.ActiveCfg = Debug|Any CPU
		{3D308897-3D04-40CC-B893-1F6DFF770641}.Debug|Mixed Platforms.Build.0 = Debug|Any CPU
		{3D308897-3D04-40CC-B893-1F6DFF770641}.Debug|Win32.ActiveCfg = Debug|Any CPU
		{3D308897-3D04-40CC-B893-1F6DFF770641}.Debug|Win32.Build.0 = Debug|Any CPU
		{3D308897-3D04-40CC-B893-1F6DFF770641}.Debug|x86.ActiveCfg = Debug|Any CPU
		{3D308897-3D04-40CC-B893-1F6DFF770641}.Debug|x86.Build.0 = Debug|Any CPU
		{3D308897-3D04-40CC-B893-1F6DFF770641}.Release|Any CPU.ActiveCfg = Release|Any CPU
		{3D308897-3D04-40CC-B893-1F6DFF770641}.Release|Any CPU.Build.0 = Release|Any CPU
		{3D308897-3D04-40CC-B893-1F6DFF770641}.Release|Mixed Platforms.ActiveCfg = Release|Any CPU
		{3D308897-3D04-40CC-B893-1F6DFF770641}.Release|Mixed Platforms.Build.0 = Release|Any CPU
		{3D308897-3D04-40CC-B893-1F6DFF770641}.Release|Win32.ActiveCfg = Release|Any CPU
		{3D308897-3D04-40CC-B893-1F6DFF770641}.Release|Win32.Build.0 = Release|Any CPU
		{3D308897-3D04-40CC-B893-1F6DFF770641}.Release|x86.ActiveCfg = Release|Any CPU
		{3D308897-3D04-40CC-B893-1F6DFF770641}.Release|x86.Build.0 = Release|Any CPU
		{5FC4D2CC-C971-4D25-B3CC-62675BB76EE6}.AppStore|Any CPU.ActiveCfg = Debug|Any CPU
		{5FC4D2CC-C971-4D25-B3CC-62675BB76EE6}.AppStore|Any CPU.Build.0 = Debug|Any CPU
		{5FC4D2CC-C971-4D25-B3CC-62675BB76EE6}.Debug|Any CPU.ActiveCfg = Debug|Any CPU
		{5FC4D2CC-C971-4D25-B3CC-62675BB76EE6}.Debug|Any CPU.Build.0 = Debug|Any CPU
		{5FC4D2CC-C971-4D25-B3CC-62675BB76EE6}.Debug|Mixed Platforms.ActiveCfg = Debug|Any CPU
		{5FC4D2CC-C971-4D25-B3CC-62675BB76EE6}.Debug|Mixed Platforms.Build.0 = Debug|Any CPU
		{5FC4D2CC-C971-4D25-B3CC-62675BB76EE6}.Debug|Win32.ActiveCfg = Debug|Any CPU
		{5FC4D2CC-C971-4D25-B3CC-62675BB76EE6}.Debug|x86.ActiveCfg = Debug|Any CPU
		{5FC4D2CC-C971-4D25-B3CC-62675BB76EE6}.Release|Any CPU.ActiveCfg = Release|Any CPU
		{5FC4D2CC-C971-4D25-B3CC-62675BB76EE6}.Release|Any CPU.Build.0 = Release|Any CPU
		{5FC4D2CC-C971-4D25-B3CC-62675BB76EE6}.Release|Mixed Platforms.ActiveCfg = Release|Any CPU
		{5FC4D2CC-C971-4D25-B3CC-62675BB76EE6}.Release|Mixed Platforms.Build.0 = Release|Any CPU
		{5FC4D2CC-C971-4D25-B3CC-62675BB76EE6}.Release|Win32.ActiveCfg = Release|Any CPU
		{5FC4D2CC-C971-4D25-B3CC-62675BB76EE6}.Release|x86.ActiveCfg = Release|Any CPU
		{6318B6F9-3476-4DAC-B547-3E1E1C696EE2}.AppStore|Any CPU.ActiveCfg = Debug|Any CPU
		{6318B6F9-3476-4DAC-B547-3E1E1C696EE2}.AppStore|Any CPU.Build.0 = Debug|Any CPU
		{6318B6F9-3476-4DAC-B547-3E1E1C696EE2}.Debug|Any CPU.ActiveCfg = Debug|Any CPU
		{6318B6F9-3476-4DAC-B547-3E1E1C696EE2}.Debug|Any CPU.Build.0 = Debug|Any CPU
		{6318B6F9-3476-4DAC-B547-3E1E1C696EE2}.Debug|Mixed Platforms.ActiveCfg = Debug|Any CPU
		{6318B6F9-3476-4DAC-B547-3E1E1C696EE2}.Debug|Mixed Platforms.Build.0 = Debug|Any CPU
		{6318B6F9-3476-4DAC-B547-3E1E1C696EE2}.Debug|Win32.ActiveCfg = Debug|Any CPU
		{6318B6F9-3476-4DAC-B547-3E1E1C696EE2}.Debug|x86.ActiveCfg = Debug|Any CPU
		{6318B6F9-3476-4DAC-B547-3E1E1C696EE2}.Release|Any CPU.ActiveCfg = Release|Any CPU
		{6318B6F9-3476-4DAC-B547-3E1E1C696EE2}.Release|Any CPU.Build.0 = Release|Any CPU
		{6318B6F9-3476-4DAC-B547-3E1E1C696EE2}.Release|Mixed Platforms.ActiveCfg = Release|Any CPU
		{6318B6F9-3476-4DAC-B547-3E1E1C696EE2}.Release|Mixed Platforms.Build.0 = Release|Any CPU
		{6318B6F9-3476-4DAC-B547-3E1E1C696EE2}.Release|Win32.ActiveCfg = Release|Any CPU
		{6318B6F9-3476-4DAC-B547-3E1E1C696EE2}.Release|x86.ActiveCfg = Release|Any CPU
		{63577669-03E6-497E-890F-1D9F06D49A85}.AppStore|Any CPU.ActiveCfg = Release|Any CPU
		{63577669-03E6-497E-890F-1D9F06D49A85}.AppStore|Any CPU.Build.0 = Release|Any CPU
		{63577669-03E6-497E-890F-1D9F06D49A85}.Debug|Any CPU.ActiveCfg = Debug|Any CPU
		{63577669-03E6-497E-890F-1D9F06D49A85}.Debug|Any CPU.Build.0 = Debug|Any CPU
		{63577669-03E6-497E-890F-1D9F06D49A85}.Debug|Mixed Platforms.ActiveCfg = Debug|Any CPU
		{63577669-03E6-497E-890F-1D9F06D49A85}.Debug|Mixed Platforms.Build.0 = Debug|Any CPU
		{63577669-03E6-497E-890F-1D9F06D49A85}.Debug|Win32.ActiveCfg = Debug|Any CPU
		{63577669-03E6-497E-890F-1D9F06D49A85}.Debug|Win32.Build.0 = Debug|Any CPU
		{63577669-03E6-497E-890F-1D9F06D49A85}.Debug|x86.ActiveCfg = Debug|Any CPU
		{63577669-03E6-497E-890F-1D9F06D49A85}.Debug|x86.Build.0 = Debug|Any CPU
		{63577669-03E6-497E-890F-1D9F06D49A85}.Release|Any CPU.ActiveCfg = Release|Any CPU
		{63577669-03E6-497E-890F-1D9F06D49A85}.Release|Any CPU.Build.0 = Release|Any CPU
		{63577669-03E6-497E-890F-1D9F06D49A85}.Release|Mixed Platforms.ActiveCfg = Release|Any CPU
		{63577669-03E6-497E-890F-1D9F06D49A85}.Release|Mixed Platforms.Build.0 = Release|Any CPU
		{63577669-03E6-497E-890F-1D9F06D49A85}.Release|Win32.ActiveCfg = Release|Any CPU
		{63577669-03E6-497E-890F-1D9F06D49A85}.Release|Win32.Build.0 = Release|Any CPU
		{63577669-03E6-497E-890F-1D9F06D49A85}.Release|x86.ActiveCfg = Release|Any CPU
		{63577669-03E6-497E-890F-1D9F06D49A85}.Release|x86.Build.0 = Release|Any CPU
		{6655893C-72E0-41E3-A665-845E5FC513AD}.AppStore|Any CPU.ActiveCfg = AppStore|Any CPU
		{6655893C-72E0-41E3-A665-845E5FC513AD}.AppStore|Any CPU.Build.0 = AppStore|Any CPU
		{6655893C-72E0-41E3-A665-845E5FC513AD}.Debug|Any CPU.ActiveCfg = Debug|Any CPU
		{6655893C-72E0-41E3-A665-845E5FC513AD}.Debug|Any CPU.Build.0 = Debug|Any CPU
		{6655893C-72E0-41E3-A665-845E5FC513AD}.Debug|Mixed Platforms.ActiveCfg = Debug|Any CPU
		{6655893C-72E0-41E3-A665-845E5FC513AD}.Debug|Mixed Platforms.Build.0 = Debug|Any CPU
		{6655893C-72E0-41E3-A665-845E5FC513AD}.Debug|Win32.ActiveCfg = Debug|Any CPU
		{6655893C-72E0-41E3-A665-845E5FC513AD}.Debug|Win32.Build.0 = Debug|Any CPU
		{6655893C-72E0-41E3-A665-845E5FC513AD}.Debug|x86.ActiveCfg = Debug|Any CPU
		{6655893C-72E0-41E3-A665-845E5FC513AD}.Debug|x86.Build.0 = Debug|Any CPU
		{6655893C-72E0-41E3-A665-845E5FC513AD}.Release|Any CPU.ActiveCfg = Release|Any CPU
		{6655893C-72E0-41E3-A665-845E5FC513AD}.Release|Any CPU.Build.0 = Release|Any CPU
		{6655893C-72E0-41E3-A665-845E5FC513AD}.Release|Mixed Platforms.ActiveCfg = Release|Any CPU
		{6655893C-72E0-41E3-A665-845E5FC513AD}.Release|Mixed Platforms.Build.0 = Release|Any CPU
		{6655893C-72E0-41E3-A665-845E5FC513AD}.Release|Win32.ActiveCfg = Release|Any CPU
		{6655893C-72E0-41E3-A665-845E5FC513AD}.Release|Win32.Build.0 = Release|Any CPU
		{6655893C-72E0-41E3-A665-845E5FC513AD}.Release|x86.ActiveCfg = Release|Any CPU
		{6655893C-72E0-41E3-A665-845E5FC513AD}.Release|x86.Build.0 = Release|Any CPU
		{6F683FF7-81B7-4835-8DA1-D4860ACF688A}.AppStore|Any CPU.ActiveCfg = Debug|x86
		{6F683FF7-81B7-4835-8DA1-D4860ACF688A}.AppStore|Any CPU.Build.0 = Debug|x86
		{6F683FF7-81B7-4835-8DA1-D4860ACF688A}.Debug|Any CPU.ActiveCfg = Debug|x86
		{6F683FF7-81B7-4835-8DA1-D4860ACF688A}.Debug|Any CPU.Build.0 = Debug|x86
		{6F683FF7-81B7-4835-8DA1-D4860ACF688A}.Debug|Mixed Platforms.ActiveCfg = Debug|x86
		{6F683FF7-81B7-4835-8DA1-D4860ACF688A}.Debug|Mixed Platforms.Build.0 = Debug|x86
		{6F683FF7-81B7-4835-8DA1-D4860ACF688A}.Debug|Win32.ActiveCfg = Debug|x86
		{6F683FF7-81B7-4835-8DA1-D4860ACF688A}.Debug|x86.ActiveCfg = Debug|x86
		{6F683FF7-81B7-4835-8DA1-D4860ACF688A}.Debug|x86.Build.0 = Debug|x86
		{6F683FF7-81B7-4835-8DA1-D4860ACF688A}.Release|Any CPU.ActiveCfg = Release|x86
		{6F683FF7-81B7-4835-8DA1-D4860ACF688A}.Release|Any CPU.Build.0 = Release|x86
		{6F683FF7-81B7-4835-8DA1-D4860ACF688A}.Release|Mixed Platforms.ActiveCfg = Release|x86
		{6F683FF7-81B7-4835-8DA1-D4860ACF688A}.Release|Mixed Platforms.Build.0 = Release|x86
		{6F683FF7-81B7-4835-8DA1-D4860ACF688A}.Release|Win32.ActiveCfg = Release|x86
		{6F683FF7-81B7-4835-8DA1-D4860ACF688A}.Release|x86.ActiveCfg = Release|x86
		{6F683FF7-81B7-4835-8DA1-D4860ACF688A}.Release|x86.Build.0 = Release|x86
		{8BF2B244-DD3C-431E-8319-FF512A7D9195}.AppStore|Any CPU.ActiveCfg = Debug|Any CPU
		{8BF2B244-DD3C-431E-8319-FF512A7D9195}.AppStore|Any CPU.Build.0 = Debug|Any CPU
		{8BF2B244-DD3C-431E-8319-FF512A7D9195}.Debug|Any CPU.ActiveCfg = Debug|Any CPU
		{8BF2B244-DD3C-431E-8319-FF512A7D9195}.Debug|Any CPU.Build.0 = Debug|Any CPU
		{8BF2B244-DD3C-431E-8319-FF512A7D9195}.Debug|Mixed Platforms.ActiveCfg = Debug|Any CPU
		{8BF2B244-DD3C-431E-8319-FF512A7D9195}.Debug|Mixed Platforms.Build.0 = Debug|Any CPU
		{8BF2B244-DD3C-431E-8319-FF512A7D9195}.Debug|Win32.ActiveCfg = Debug|Any CPU
		{8BF2B244-DD3C-431E-8319-FF512A7D9195}.Debug|x86.ActiveCfg = Debug|Any CPU
		{8BF2B244-DD3C-431E-8319-FF512A7D9195}.Release|Any CPU.ActiveCfg = Release|Any CPU
		{8BF2B244-DD3C-431E-8319-FF512A7D9195}.Release|Any CPU.Build.0 = Release|Any CPU
		{8BF2B244-DD3C-431E-8319-FF512A7D9195}.Release|Mixed Platforms.ActiveCfg = Release|Any CPU
		{8BF2B244-DD3C-431E-8319-FF512A7D9195}.Release|Mixed Platforms.Build.0 = Release|Any CPU
		{8BF2B244-DD3C-431E-8319-FF512A7D9195}.Release|Win32.ActiveCfg = Release|Any CPU
		{8BF2B244-DD3C-431E-8319-FF512A7D9195}.Release|x86.ActiveCfg = Release|Any CPU
		{A3A7E814-6A6E-4526-BE72-3A774798FB05}.AppStore|Any CPU.ActiveCfg = Debug|x86
		{A3A7E814-6A6E-4526-BE72-3A774798FB05}.AppStore|Any CPU.Build.0 = Debug|x86
		{A3A7E814-6A6E-4526-BE72-3A774798FB05}.Debug|Any CPU.ActiveCfg = Debug|x86
		{A3A7E814-6A6E-4526-BE72-3A774798FB05}.Debug|Mixed Platforms.ActiveCfg = Debug|x86
		{A3A7E814-6A6E-4526-BE72-3A774798FB05}.Debug|Mixed Platforms.Build.0 = Debug|x86
		{A3A7E814-6A6E-4526-BE72-3A774798FB05}.Debug|Win32.ActiveCfg = Debug|x86
		{A3A7E814-6A6E-4526-BE72-3A774798FB05}.Debug|x86.ActiveCfg = Debug|x86
		{A3A7E814-6A6E-4526-BE72-3A774798FB05}.Debug|x86.Build.0 = Debug|x86
		{A3A7E814-6A6E-4526-BE72-3A774798FB05}.Release|Any CPU.ActiveCfg = Release|x86
		{A3A7E814-6A6E-4526-BE72-3A774798FB05}.Release|Mixed Platforms.ActiveCfg = Release|x86
		{A3A7E814-6A6E-4526-BE72-3A774798FB05}.Release|Mixed Platforms.Build.0 = Release|x86
		{A3A7E814-6A6E-4526-BE72-3A774798FB05}.Release|Win32.ActiveCfg = Release|x86
		{A3A7E814-6A6E-4526-BE72-3A774798FB05}.Release|x86.ActiveCfg = Release|x86
		{A3A7E814-6A6E-4526-BE72-3A774798FB05}.Release|x86.Build.0 = Release|x86
		{A7838A44-2B62-4AE0-B14A-867A280064C2}.AppStore|Any CPU.ActiveCfg = Debug|x86
		{A7838A44-2B62-4AE0-B14A-867A280064C2}.AppStore|Any CPU.Build.0 = Debug|x86
		{A7838A44-2B62-4AE0-B14A-867A280064C2}.Debug|Any CPU.ActiveCfg = Debug|x86
		{A7838A44-2B62-4AE0-B14A-867A280064C2}.Debug|Mixed Platforms.ActiveCfg = Debug|x86
		{A7838A44-2B62-4AE0-B14A-867A280064C2}.Debug|Mixed Platforms.Build.0 = Debug|x86
		{A7838A44-2B62-4AE0-B14A-867A280064C2}.Debug|Win32.ActiveCfg = Debug|x86
		{A7838A44-2B62-4AE0-B14A-867A280064C2}.Debug|x86.ActiveCfg = Debug|x86
		{A7838A44-2B62-4AE0-B14A-867A280064C2}.Debug|x86.Build.0 = Debug|x86
		{A7838A44-2B62-4AE0-B14A-867A280064C2}.Release|Any CPU.ActiveCfg = Release|x86
		{A7838A44-2B62-4AE0-B14A-867A280064C2}.Release|Mixed Platforms.ActiveCfg = Release|x86
		{A7838A44-2B62-4AE0-B14A-867A280064C2}.Release|Mixed Platforms.Build.0 = Release|x86
		{A7838A44-2B62-4AE0-B14A-867A280064C2}.Release|Win32.ActiveCfg = Release|x86
		{A7838A44-2B62-4AE0-B14A-867A280064C2}.Release|x86.ActiveCfg = Release|x86
		{A7838A44-2B62-4AE0-B14A-867A280064C2}.Release|x86.Build.0 = Release|x86
		{AE1211E8-9EE5-4B7B-965D-3463B78710EA}.AppStore|Any CPU.ActiveCfg = Debug|Any CPU
		{AE1211E8-9EE5-4B7B-965D-3463B78710EA}.AppStore|Any CPU.Build.0 = Debug|Any CPU
		{AE1211E8-9EE5-4B7B-965D-3463B78710EA}.Debug|Any CPU.ActiveCfg = Debug|Any CPU
		{AE1211E8-9EE5-4B7B-965D-3463B78710EA}.Debug|Any CPU.Build.0 = Debug|Any CPU
		{AE1211E8-9EE5-4B7B-965D-3463B78710EA}.Debug|Mixed Platforms.ActiveCfg = Debug|Any CPU
		{AE1211E8-9EE5-4B7B-965D-3463B78710EA}.Debug|Mixed Platforms.Build.0 = Debug|Any CPU
		{AE1211E8-9EE5-4B7B-965D-3463B78710EA}.Debug|Win32.ActiveCfg = Debug|Any CPU
		{AE1211E8-9EE5-4B7B-965D-3463B78710EA}.Debug|x86.ActiveCfg = Debug|Any CPU
		{AE1211E8-9EE5-4B7B-965D-3463B78710EA}.Release|Any CPU.ActiveCfg = Release|Any CPU
		{AE1211E8-9EE5-4B7B-965D-3463B78710EA}.Release|Any CPU.Build.0 = Release|Any CPU
		{AE1211E8-9EE5-4B7B-965D-3463B78710EA}.Release|Mixed Platforms.ActiveCfg = Release|Any CPU
		{AE1211E8-9EE5-4B7B-965D-3463B78710EA}.Release|Mixed Platforms.Build.0 = Release|Any CPU
		{AE1211E8-9EE5-4B7B-965D-3463B78710EA}.Release|Win32.ActiveCfg = Release|Any CPU
		{AE1211E8-9EE5-4B7B-965D-3463B78710EA}.Release|x86.ActiveCfg = Release|Any CPU
		{C06D802E-BF5F-4B36-B167-44021F6B8E23}.AppStore|Any CPU.ActiveCfg = Debug|Any CPU
		{C06D802E-BF5F-4B36-B167-44021F6B8E23}.AppStore|Any CPU.Build.0 = Debug|Any CPU
		{C06D802E-BF5F-4B36-B167-44021F6B8E23}.Debug|Any CPU.ActiveCfg = Debug|Any CPU
		{C06D802E-BF5F-4B36-B167-44021F6B8E23}.Debug|Any CPU.Build.0 = Debug|Any CPU
		{C06D802E-BF5F-4B36-B167-44021F6B8E23}.Debug|Mixed Platforms.ActiveCfg = Debug|Any CPU
		{C06D802E-BF5F-4B36-B167-44021F6B8E23}.Debug|Mixed Platforms.Build.0 = Debug|Any CPU
		{C06D802E-BF5F-4B36-B167-44021F6B8E23}.Debug|Win32.ActiveCfg = Debug|Any CPU
		{C06D802E-BF5F-4B36-B167-44021F6B8E23}.Debug|x86.ActiveCfg = Debug|Any CPU
		{C06D802E-BF5F-4B36-B167-44021F6B8E23}.Release|Any CPU.ActiveCfg = Release|Any CPU
		{C06D802E-BF5F-4B36-B167-44021F6B8E23}.Release|Any CPU.Build.0 = Release|Any CPU
		{C06D802E-BF5F-4B36-B167-44021F6B8E23}.Release|Mixed Platforms.ActiveCfg = Release|Any CPU
		{C06D802E-BF5F-4B36-B167-44021F6B8E23}.Release|Mixed Platforms.Build.0 = Release|Any CPU
		{C06D802E-BF5F-4B36-B167-44021F6B8E23}.Release|Win32.ActiveCfg = Release|Any CPU
		{C06D802E-BF5F-4B36-B167-44021F6B8E23}.Release|x86.ActiveCfg = Release|Any CPU
		{D3221E9C-5EAE-437A-A60C-B51097F86D49}.AppStore|Any CPU.ActiveCfg = Debug|Any CPU
		{D3221E9C-5EAE-437A-A60C-B51097F86D49}.AppStore|Any CPU.Build.0 = Debug|Any CPU
		{D3221E9C-5EAE-437A-A60C-B51097F86D49}.Debug|Any CPU.ActiveCfg = Debug|Any CPU
		{D3221E9C-5EAE-437A-A60C-B51097F86D49}.Debug|Any CPU.Build.0 = Debug|Any CPU
		{D3221E9C-5EAE-437A-A60C-B51097F86D49}.Debug|Mixed Platforms.ActiveCfg = Debug|Any CPU
		{D3221E9C-5EAE-437A-A60C-B51097F86D49}.Debug|Mixed Platforms.Build.0 = Debug|Any CPU
		{D3221E9C-5EAE-437A-A60C-B51097F86D49}.Debug|Win32.ActiveCfg = Debug|Any CPU
		{D3221E9C-5EAE-437A-A60C-B51097F86D49}.Debug|x86.ActiveCfg = Debug|Any CPU
		{D3221E9C-5EAE-437A-A60C-B51097F86D49}.Release|Any CPU.ActiveCfg = Release|Any CPU
		{D3221E9C-5EAE-437A-A60C-B51097F86D49}.Release|Any CPU.Build.0 = Release|Any CPU
		{D3221E9C-5EAE-437A-A60C-B51097F86D49}.Release|Mixed Platforms.ActiveCfg = Release|Any CPU
		{D3221E9C-5EAE-437A-A60C-B51097F86D49}.Release|Mixed Platforms.Build.0 = Release|Any CPU
		{D3221E9C-5EAE-437A-A60C-B51097F86D49}.Release|Win32.ActiveCfg = Release|Any CPU
		{D3221E9C-5EAE-437A-A60C-B51097F86D49}.Release|x86.ActiveCfg = Release|Any CPU
		{ECE8E681-0758-4503-B4EC-5CDED21B6D36}.AppStore|Any CPU.ActiveCfg = Debug|x86
		{ECE8E681-0758-4503-B4EC-5CDED21B6D36}.AppStore|Any CPU.Build.0 = Debug|x86
		{ECE8E681-0758-4503-B4EC-5CDED21B6D36}.Debug|Any CPU.ActiveCfg = Debug|x86
		{ECE8E681-0758-4503-B4EC-5CDED21B6D36}.Debug|Any CPU.Build.0 = Debug|x86
		{ECE8E681-0758-4503-B4EC-5CDED21B6D36}.Debug|Mixed Platforms.ActiveCfg = Debug|x86
		{ECE8E681-0758-4503-B4EC-5CDED21B6D36}.Debug|Mixed Platforms.Build.0 = Debug|x86
		{ECE8E681-0758-4503-B4EC-5CDED21B6D36}.Debug|Win32.ActiveCfg = Debug|x86
		{ECE8E681-0758-4503-B4EC-5CDED21B6D36}.Debug|x86.ActiveCfg = Debug|x86
		{ECE8E681-0758-4503-B4EC-5CDED21B6D36}.Debug|x86.Build.0 = Debug|x86
		{ECE8E681-0758-4503-B4EC-5CDED21B6D36}.Release|Any CPU.ActiveCfg = Release|x86
		{ECE8E681-0758-4503-B4EC-5CDED21B6D36}.Release|Any CPU.Build.0 = Release|x86
		{ECE8E681-0758-4503-B4EC-5CDED21B6D36}.Release|Mixed Platforms.ActiveCfg = Release|x86
		{ECE8E681-0758-4503-B4EC-5CDED21B6D36}.Release|Mixed Platforms.Build.0 = Release|x86
		{ECE8E681-0758-4503-B4EC-5CDED21B6D36}.Release|Win32.ActiveCfg = Release|x86
		{ECE8E681-0758-4503-B4EC-5CDED21B6D36}.Release|x86.ActiveCfg = Release|x86
		{ECE8E681-0758-4503-B4EC-5CDED21B6D36}.Release|x86.Build.0 = Release|x86
		{F2E6770D-88A4-43E9-9343-9E7E8FB00712}.AppStore|Any CPU.ActiveCfg = AppStore|Any CPU
		{F2E6770D-88A4-43E9-9343-9E7E8FB00712}.AppStore|Any CPU.Build.0 = AppStore|Any CPU
		{F2E6770D-88A4-43E9-9343-9E7E8FB00712}.Debug|Any CPU.ActiveCfg = Debug|Any CPU
		{F2E6770D-88A4-43E9-9343-9E7E8FB00712}.Debug|Any CPU.Build.0 = Debug|Any CPU
		{F2E6770D-88A4-43E9-9343-9E7E8FB00712}.Debug|Mixed Platforms.ActiveCfg = Debug|Any CPU
		{F2E6770D-88A4-43E9-9343-9E7E8FB00712}.Debug|Mixed Platforms.Build.0 = Debug|Any CPU
		{F2E6770D-88A4-43E9-9343-9E7E8FB00712}.Debug|Win32.ActiveCfg = Debug|Any CPU
		{F2E6770D-88A4-43E9-9343-9E7E8FB00712}.Debug|Win32.Build.0 = Debug|Any CPU
		{F2E6770D-88A4-43E9-9343-9E7E8FB00712}.Debug|x86.ActiveCfg = Debug|Any CPU
		{F2E6770D-88A4-43E9-9343-9E7E8FB00712}.Debug|x86.Build.0 = Debug|Any CPU
		{F2E6770D-88A4-43E9-9343-9E7E8FB00712}.Release|Any CPU.ActiveCfg = Release|Any CPU
		{F2E6770D-88A4-43E9-9343-9E7E8FB00712}.Release|Any CPU.Build.0 = Release|Any CPU
		{F2E6770D-88A4-43E9-9343-9E7E8FB00712}.Release|Mixed Platforms.ActiveCfg = Release|Any CPU
		{F2E6770D-88A4-43E9-9343-9E7E8FB00712}.Release|Mixed Platforms.Build.0 = Release|Any CPU
		{F2E6770D-88A4-43E9-9343-9E7E8FB00712}.Release|Win32.ActiveCfg = Release|Any CPU
		{F2E6770D-88A4-43E9-9343-9E7E8FB00712}.Release|Win32.Build.0 = Release|Any CPU
		{F2E6770D-88A4-43E9-9343-9E7E8FB00712}.Release|x86.ActiveCfg = Release|Any CPU
		{F2E6770D-88A4-43E9-9343-9E7E8FB00712}.Release|x86.Build.0 = Release|Any CPU
		{F3AEA56F-6C5D-4252-800B-99883F3C1637}.AppStore|Any CPU.ActiveCfg = AppStore|Any CPU
		{F3AEA56F-6C5D-4252-800B-99883F3C1637}.AppStore|Any CPU.Build.0 = AppStore|Any CPU
		{F3AEA56F-6C5D-4252-800B-99883F3C1637}.Debug|Any CPU.ActiveCfg = Debug|Any CPU
		{F3AEA56F-6C5D-4252-800B-99883F3C1637}.Debug|Any CPU.Build.0 = Debug|Any CPU
		{F3AEA56F-6C5D-4252-800B-99883F3C1637}.Debug|Mixed Platforms.ActiveCfg = Debug|Any CPU
		{F3AEA56F-6C5D-4252-800B-99883F3C1637}.Debug|Mixed Platforms.Build.0 = Debug|Any CPU
		{F3AEA56F-6C5D-4252-800B-99883F3C1637}.Debug|Win32.ActiveCfg = Debug|Any CPU
		{F3AEA56F-6C5D-4252-800B-99883F3C1637}.Debug|Win32.Build.0 = Debug|Any CPU
		{F3AEA56F-6C5D-4252-800B-99883F3C1637}.Debug|x86.ActiveCfg = Debug|Any CPU
		{F3AEA56F-6C5D-4252-800B-99883F3C1637}.Debug|x86.Build.0 = Debug|Any CPU
		{F3AEA56F-6C5D-4252-800B-99883F3C1637}.Release|Any CPU.ActiveCfg = Release|Any CPU
		{F3AEA56F-6C5D-4252-800B-99883F3C1637}.Release|Any CPU.Build.0 = Release|Any CPU
		{F3AEA56F-6C5D-4252-800B-99883F3C1637}.Release|Mixed Platforms.ActiveCfg = Release|Any CPU
		{F3AEA56F-6C5D-4252-800B-99883F3C1637}.Release|Mixed Platforms.Build.0 = Release|Any CPU
		{F3AEA56F-6C5D-4252-800B-99883F3C1637}.Release|Win32.ActiveCfg = Release|Any CPU
		{F3AEA56F-6C5D-4252-800B-99883F3C1637}.Release|Win32.Build.0 = Release|Any CPU
		{F3AEA56F-6C5D-4252-800B-99883F3C1637}.Release|x86.ActiveCfg = Release|Any CPU
		{F3AEA56F-6C5D-4252-800B-99883F3C1637}.Release|x86.Build.0 = Release|Any CPU
	EndGlobalSection
	GlobalSection(NestedProjects) = preSolution
		{A7838A44-2B62-4AE0-B14A-867A280064C2} = {17BFF8E5-696F-4609-8DC6-66228E3C969E}
		{8E8122F9-B4E2-4B33-B9E8-ED583306DDC0} = {17BFF8E5-696F-4609-8DC6-66228E3C969E}
		{6318B6F9-3476-4DAC-B547-3E1E1C696EE2} = {F4FA73CC-CAF9-49DD-A366-116834EBAC0B}
		{082913BB-DE8F-4C25-9361-3D15C7AB8837} = {DCEEEA07-351F-4270-9AAD-14A2BE271ABD}
		{8BF2B244-DD3C-431E-8319-FF512A7D9195} = {DCEEEA07-351F-4270-9AAD-14A2BE271ABD}
		{D3221E9C-5EAE-437A-A60C-B51097F86D49} = {F5183222-D96A-4F83-891A-753C4A0BAF6D}
		{ECE8E681-0758-4503-B4EC-5CDED21B6D36} = {5D996B08-CCD2-40EC-BD98-20F5F3C542A2}
		{AE1211E8-9EE5-4B7B-965D-3463B78710EA} = {5D996B08-CCD2-40EC-BD98-20F5F3C542A2}
		{F2E6770D-88A4-43E9-9343-9E7E8FB00712} = {ED92B538-4230-4BD7-A201-F848274F0A66}
		{F3AEA56F-6C5D-4252-800B-99883F3C1637} = {ED92B538-4230-4BD7-A201-F848274F0A66}
		{6655893C-72E0-41E3-A665-845E5FC513AD} = {ED92B538-4230-4BD7-A201-F848274F0A66}
		{63577669-03E6-497E-890F-1D9F06D49A85} = {857D29E8-DA15-4FCE-A422-0BF28A1F3866}
	EndGlobalSection
	GlobalSection(MonoDevelopProperties) = preSolution
		StartupItem = MacOs\FixOne.MacOs.Server\FixOne.MacOs.Server.csproj
		Policies = $0
		$0.DotNetNamingPolicy = $1
		$1.DirectoryNamespaceAssociation = None
		$1.ResourceNamePolicy = FileFormatDefault
		$0.TextStylePolicy = $2
		$2.inheritsSet = null
		$2.scope = text/x-csharp
		$0.CSharpFormattingPolicy = $3
		$3.AfterDelegateDeclarationParameterComma = True
		$3.inheritsSet = Mono
		$3.inheritsScope = text/x-csharp
		$3.scope = text/x-csharp
		$0.TextStylePolicy = $4
		$4.FileWidth = 120
		$4.TabsToSpaces = False
		$4.inheritsSet = VisualStudio
		$4.inheritsScope = text/plain
		$4.scope = text/plain
		$0.TextStylePolicy = $5
		$5.inheritsSet = null
		$5.scope = application/xml
		$0.XmlFormattingPolicy = $6
		$6.inheritsSet = Mono
		$6.inheritsScope = application/xml
		$6.scope = application/xml
		$0.TextStylePolicy = $7
		$7.inheritsSet = null
		$7.scope = application/vnd.apple-interface-builder
		$0.XmlFormattingPolicy = $8
		$8.inheritsSet = null
		$8.scope = application/vnd.apple-interface-builder
		$0.StandardHeader = $9
		$9.Text = 
		$9.IncludeInNewFiles = True
		$0.NameConventionPolicy = $10
		$10.Rules = $11
		$11.NamingRule = $12
		$12.Name = Namespaces
		$12.AffectedEntity = Namespace
		$12.VisibilityMask = VisibilityMask
		$12.NamingStyle = PascalCase
		$12.IncludeInstanceMembers = True
		$12.IncludeStaticEntities = True
		$11.NamingRule = $13
		$13.Name = Types
		$13.AffectedEntity = Class, Struct, Enum, Delegate
		$13.VisibilityMask = Public
		$13.NamingStyle = PascalCase
		$13.IncludeInstanceMembers = True
		$13.IncludeStaticEntities = True
		$11.NamingRule = $14
		$14.Name = Interfaces
		$14.RequiredPrefixes = $15
		$15.String = I
		$14.AffectedEntity = Interface
		$14.VisibilityMask = Public
		$14.NamingStyle = PascalCase
		$14.IncludeInstanceMembers = True
		$14.IncludeStaticEntities = True
		$11.NamingRule = $16
		$16.Name = Attributes
		$16.RequiredSuffixes = $17
		$17.String = Attribute
		$16.AffectedEntity = CustomAttributes
		$16.VisibilityMask = Public
		$16.NamingStyle = PascalCase
		$16.IncludeInstanceMembers = True
		$16.IncludeStaticEntities = True
		$11.NamingRule = $18
		$18.Name = Event Arguments
		$18.RequiredSuffixes = $19
		$19.String = EventArgs
		$18.AffectedEntity = CustomEventArgs
		$18.VisibilityMask = Public
		$18.NamingStyle = PascalCase
		$18.IncludeInstanceMembers = True
		$18.IncludeStaticEntities = True
		$11.NamingRule = $20
		$20.Name = Exceptions
		$20.RequiredSuffixes = $21
		$21.String = Exception
		$20.AffectedEntity = CustomExceptions
		$20.VisibilityMask = VisibilityMask
		$20.NamingStyle = PascalCase
		$20.IncludeInstanceMembers = True
		$20.IncludeStaticEntities = True
		$11.NamingRule = $22
		$22.Name = Methods
		$22.AffectedEntity = Methods
		$22.VisibilityMask = Protected, Public
		$22.NamingStyle = PascalCase
		$22.IncludeInstanceMembers = True
		$22.IncludeStaticEntities = True
		$11.NamingRule = $23
		$23.Name = Static Readonly Fields
		$23.AffectedEntity = ReadonlyField
		$23.VisibilityMask = Protected, Public
		$23.NamingStyle = PascalCase
		$23.IncludeInstanceMembers = False
		$23.IncludeStaticEntities = True
		$11.NamingRule = $24
		$24.Name = Fields
		$24.AffectedEntity = Field
		$24.VisibilityMask = Protected, Public
		$24.NamingStyle = PascalCase
		$24.IncludeInstanceMembers = True
		$24.IncludeStaticEntities = True
		$11.NamingRule = $25
		$25.Name = ReadOnly Fields
		$25.AffectedEntity = ReadonlyField
		$25.VisibilityMask = Protected, Public
		$25.NamingStyle = PascalCase
		$25.IncludeInstanceMembers = True
		$25.IncludeStaticEntities = False
		$11.NamingRule = $26
		$26.Name = Constant Fields
		$26.AffectedEntity = ConstantField
		$26.VisibilityMask = Protected, Public
		$26.NamingStyle = PascalCase
		$26.IncludeInstanceMembers = True
		$26.IncludeStaticEntities = True
		$11.NamingRule = $27
		$27.Name = Properties
		$27.AffectedEntity = Property
		$27.VisibilityMask = Protected, Public
		$27.NamingStyle = PascalCase
		$27.IncludeInstanceMembers = True
		$27.IncludeStaticEntities = True
		$11.NamingRule = $28
		$28.Name = Events
		$28.AffectedEntity = Event
		$28.VisibilityMask = Protected, Public
		$28.NamingStyle = PascalCase
		$28.IncludeInstanceMembers = True
		$28.IncludeStaticEntities = True
		$11.NamingRule = $29
		$29.Name = Enum Members
		$29.AffectedEntity = EnumMember
		$29.VisibilityMask = VisibilityMask
		$29.NamingStyle = PascalCase
		$29.IncludeInstanceMembers = True
		$29.IncludeStaticEntities = True
		$11.NamingRule = $30
		$30.Name = Parameters
		$30.AffectedEntity = Parameter
		$30.VisibilityMask = VisibilityMask
		$30.NamingStyle = CamelCase
		$30.IncludeInstanceMembers = True
		$30.IncludeStaticEntities = True
		$11.NamingRule = $31
		$31.Name = Type Parameters
		$31.RequiredPrefixes = $32
		$32.String = T
		$31.AffectedEntity = TypeParameter
		$31.VisibilityMask = VisibilityMask
		$31.NamingStyle = PascalCase
		$31.IncludeInstanceMembers = True
		$31.IncludeStaticEntities = True
		$0.VersionControlPolicy = $33
		$33.inheritsSet = Mono
		$0.ChangeLogPolicy = $34
		$34.UpdateMode = None
		$34.MessageStyle = $35
		$35.LineAlign = 0
		$34.inheritsSet = Mono
		version = 0.0.0.1
	EndGlobalSection
	GlobalSection(TestCaseManagementSettings) = postSolution
		CategoryFile = FixOne.vsmdi
	EndGlobalSection
	GlobalSection(SolutionProperties) = preSolution
		HideSolutionNode = FALSE
	EndGlobalSection
EndGlobal
